
Microsoft Visual Studio Solution File, Format Version 12.00
# Visual Studio Version 17
VisualStudioVersion = 17.14.36511.14
MinimumVisualStudioVersion = 10.0.40219.1
Project("{FAE04EC0-301F-11D3-BF4B-00C04F79EFBC}") = "Metas.AplicacionWeb", "Metas.ApliccionWeb\Metas.AplicacionWeb.csproj", "{CAB85582-1C68-40BE-B72B-9EDFF049124B}"
EndProject
Project("{FAE04EC0-301F-11D3-BF4B-00C04F79EFBC}") = "Metas.BLL", "Metas.BLL\Metas.BLL.csproj", "{0E8A5CBC-68BB-4A50-86F6-64B6D83EBDE3}"
EndProject
Project("{FAE04EC0-301F-11D3-BF4B-00C04F79EFBC}") = "Metas.IOC", "Metas.IOC\Metas.IOC.csproj", "{95D0EACB-900F-4514-85CE-BD5851E0B17D}"
EndProject
Project("{FAE04EC0-301F-11D3-BF4B-00C04F79EFBC}") = "Metas.DAL", "Metas.DAL\Metas.DAL.csproj", "{E4BAB3B0-E9A7-4AFB-A93E-EEEF678860EE}"
EndProject
Project("{FAE04EC0-301F-11D3-BF4B-00C04F79EFBC}") = "Metas.Entity", "Metas.Entity\Metas.Entity.csproj", "{47705D5A-0F43-4097-BF7D-179161582499}"
EndProject
Global
	GlobalSection(SolutionConfigurationPlatforms) = preSolution
		Debug|Any CPU = Debug|Any CPU
		Release|Any CPU = Release|Any CPU
	EndGlobalSection
	GlobalSection(ProjectConfigurationPlatforms) = postSolution
		{CAB85582-1C68-40BE-B72B-9EDFF049124B}.Debug|Any CPU.ActiveCfg = Debug|Any CPU
		{CAB85582-1C68-40BE-B72B-9EDFF049124B}.Debug|Any CPU.Build.0 = Debug|Any CPU
		{CAB85582-1C68-40BE-B72B-9EDFF049124B}.Release|Any CPU.ActiveCfg = Release|Any CPU
		{CAB85582-1C68-40BE-B72B-9EDFF049124B}.Release|Any CPU.Build.0 = Release|Any CPU
		{0E8A5CBC-68BB-4A50-86F6-64B6D83EBDE3}.Debug|Any CPU.ActiveCfg = Debug|Any CPU
		{0E8A5CBC-68BB-4A50-86F6-64B6D83EBDE3}.Debug|Any CPU.Build.0 = Debug|Any CPU
		{0E8A5CBC-68BB-4A50-86F6-64B6D83EBDE3}.Release|Any CPU.ActiveCfg = Release|Any CPU
		{0E8A5CBC-68BB-4A50-86F6-64B6D83EBDE3}.Release|Any CPU.Build.0 = Release|Any CPU
		{95D0EACB-900F-4514-85CE-BD5851E0B17D}.Debug|Any CPU.ActiveCfg = Debug|Any CPU
		{95D0EACB-900F-4514-85CE-BD5851E0B17D}.Debug|Any CPU.Build.0 = Debug|Any CPU
		{95D0EACB-900F-4514-85CE-BD5851E0B17D}.Release|Any CPU.ActiveCfg = Release|Any CPU
		{95D0EACB-900F-4514-85CE-BD5851E0B17D}.Release|Any CPU.Build.0 = Release|Any CPU
		{E4BAB3B0-E9A7-4AFB-A93E-EEEF678860EE}.Debug|Any CPU.ActiveCfg = Debug|Any CPU
		{E4BAB3B0-E9A7-4AFB-A93E-EEEF678860EE}.Debug|Any CPU.Build.0 = Debug|Any CPU
		{E4BAB3B0-E9A7-4AFB-A93E-EEEF678860EE}.Release|Any CPU.ActiveCfg = Release|Any CPU
		{E4BAB3B0-E9A7-4AFB-A93E-EEEF678860EE}.Release|Any CPU.Build.0 = Release|Any CPU
		{47705D5A-0F43-4097-BF7D-179161582499}.Debug|Any CPU.ActiveCfg = Debug|Any CPU
		{47705D5A-0F43-4097-BF7D-179161582499}.Debug|Any CPU.Build.0 = Debug|Any CPU
		{47705D5A-0F43-4097-BF7D-179161582499}.Release|Any CPU.ActiveCfg = Release|Any CPU
		{47705D5A-0F43-4097-BF7D-179161582499}.Release|Any CPU.Build.0 = Release|Any CPU
	EndGlobalSection
	GlobalSection(SolutionProperties) = preSolution
		HideSolutionNode = FALSE
	EndGlobalSection
	GlobalSection(ExtensibilityGlobals) = postSolution
		SolutionGuid = {E25BBB1B-00C5-4092-AA0E-9CA6FE9DE35D}
	EndGlobalSection
EndGlobal
